// !$*UTF8*$!
{
	archiveVersion = 1;
	classes = {
	};
	objectVersion = 55;
	objects = {

/* Begin PBXBuildFile section */
		B077C97828E2DA1D003608D3 /* SwiftUIPreview.swift in Sources */ = {isa = PBXBuildFile; fileRef = B077C97728E2DA1D003608D3 /* SwiftUIPreview.swift */; };
		B077C97A28E2DC41003608D3 /* NumberRollingLabel.swift in Sources */ = {isa = PBXBuildFile; fileRef = B077C97928E2DC41003608D3 /* NumberRollingLabel.swift */; };
		B077C97C28E424B8003608D3 /* TopCornerRadiusUIView.swift in Sources */ = {isa = PBXBuildFile; fileRef = B077C97B28E424B8003608D3 /* TopCornerRadiusUIView.swift */; };
		B0B17C0628588E8000023662 /* AppDelegate.swift in Sources */ = {isa = PBXBuildFile; fileRef = B0B17C0528588E8000023662 /* AppDelegate.swift */; };
		B0B17C0828588E8000023662 /* SceneDelegate.swift in Sources */ = {isa = PBXBuildFile; fileRef = B0B17C0728588E8000023662 /* SceneDelegate.swift */; };
		B0B17C0A28588E8000023662 /* ViewController.swift in Sources */ = {isa = PBXBuildFile; fileRef = B0B17C0928588E8000023662 /* ViewController.swift */; };
		B0B17C0D28588E8000023662 /* Main.storyboard in Resources */ = {isa = PBXBuildFile; fileRef = B0B17C0B28588E8000023662 /* Main.storyboard */; };
		B0B17C0F28588E8100023662 /* Assets.xcassets in Resources */ = {isa = PBXBuildFile; fileRef = B0B17C0E28588E8100023662 /* Assets.xcassets */; };
		B0B17C1228588E8100023662 /* LaunchScreen.storyboard in Resources */ = {isa = PBXBuildFile; fileRef = B0B17C1028588E8100023662 /* LaunchScreen.storyboard */; };
/* End PBXBuildFile section */

/* Begin PBXFileReference section */
		B077C97728E2DA1D003608D3 /* SwiftUIPreview.swift */ = {isa = PBXFileReference; lastKnownFileType = sourcecode.swift; path = SwiftUIPreview.swift; sourceTree = "<group>"; };
		B077C97928E2DC41003608D3 /* NumberRollingLabel.swift */ = {isa = PBXFileReference; lastKnownFileType = sourcecode.swift; path = NumberRollingLabel.swift; sourceTree = "<group>"; };
		B077C97B28E424B8003608D3 /* TopCornerRadiusUIView.swift */ = {isa = PBXFileReference; lastKnownFileType = sourcecode.swift; path = TopCornerRadiusUIView.swift; sourceTree = "<group>"; };
		B0B17C0228588E8000023662 /* NeedsLayout_demo.app */ = {isa = PBXFileReference; explicitFileType = wrapper.application; includeInIndex = 0; path = NeedsLayout_demo.app; sourceTree = BUILT_PRODUCTS_DIR; };
		B0B17C0528588E8000023662 /* AppDelegate.swift */ = {isa = PBXFileReference; lastKnownFileType = sourcecode.swift; path = AppDelegate.swift; sourceTree = "<group>"; };
		B0B17C0728588E8000023662 /* SceneDelegate.swift */ = {isa = PBXFileReference; lastKnownFileType = sourcecode.swift; path = SceneDelegate.swift; sourceTree = "<group>"; };
		B0B17C0928588E8000023662 /* ViewController.swift */ = {isa = PBXFileReference; lastKnownFileType = sourcecode.swift; path = ViewController.swift; sourceTree = "<group>"; };
		B0B17C0C28588E8000023662 /* Base */ = {isa = PBXFileReference; lastKnownFileType = file.storyboard; name = Base; path = Base.lproj/Main.storyboard; sourceTree = "<group>"; };
		B0B17C0E28588E8100023662 /* Assets.xcassets */ = {isa = PBXFileReference; lastKnownFileType = folder.assetcatalog; path = Assets.xcassets; sourceTree = "<group>"; };
		B0B17C1128588E8100023662 /* Base */ = {isa = PBXFileReference; lastKnownFileType = file.storyboard; name = Base; path = Base.lproj/LaunchScreen.storyboard; sourceTree = "<group>"; };
		B0B17C1328588E8100023662 /* Info.plist */ = {isa = PBXFileReference; lastKnownFileType = text.plist.xml; path = Info.plist; sourceTree = "<group>"; };
/* End PBXFileReference section */

/* Begin PBXFrameworksBuildPhase section */
		B0B17BFF28588E8000023662 /* Frameworks */ = {
			isa = PBXFrameworksBuildPhase;
			buildActionMask = 2147483647;
			files = (
			);
			runOnlyForDeploymentPostprocessing = 0;
		};
/* End PBXFrameworksBuildPhase section */

/* Begin PBXGroup section */
		B0B17BF928588E8000023662 = {
			isa = PBXGroup;
			children = (
				B077C97728E2DA1D003608D3 /* SwiftUIPreview.swift */,
				B0B17C0428588E8000023662 /* NeedsLayout_demo */,
				B0B17C0328588E8000023662 /* Products */,
			);
			sourceTree = "<group>";
		};
		B0B17C0328588E8000023662 /* Products */ = {
			isa = PBXGroup;
			children = (
				B0B17C0228588E8000023662 /* NeedsLayout_demo.app */,
			);
			name = Products;
			sourceTree = "<group>";
		};
		B0B17C0428588E8000023662 /* NeedsLayout_demo */ = {
			isa = PBXGroup;
			children = (
				B0B17C0528588E8000023662 /* AppDelegate.swift */,
				B0B17C0728588E8000023662 /* SceneDelegate.swift */,
				B0B17C0928588E8000023662 /* ViewController.swift */,
				B0B17C0B28588E8000023662 /* Main.storyboard */,
				B0B17C0E28588E8100023662 /* Assets.xcassets */,
				B0B17C1028588E8100023662 /* LaunchScreen.storyboard */,
				B0B17C1328588E8100023662 /* Info.plist */,
				B077C97928E2DC41003608D3 /* NumberRollingLabel.swift */,
				B077C97B28E424B8003608D3 /* TopCornerRadiusUIView.swift */,
			);
			path = NeedsLayout_demo;
			sourceTree = "<group>";
		};
/* End PBXGroup section */

/* Begin PBXNativeTarget section */
		B0B17C0128588E8000023662 /* NeedsLayout_demo */ = {
			isa = PBXNativeTarget;
			buildConfigurationList = B0B17C1628588E8100023662 /* Build configuration list for PBXNativeTarget "NeedsLayout_demo" */;
			buildPhases = (
				B0B17BFE28588E8000023662 /* Sources */,
				B0B17BFF28588E8000023662 /* Frameworks */,
				B0B17C0028588E8000023662 /* Resources */,
			);
			buildRules = (
			);
			dependencies = (
			);
			name = NeedsLayout_demo;
			productName = NeedsLayout_demo;
			productReference = B0B17C0228588E8000023662 /* NeedsLayout_demo.app */;
			productType = "com.apple.product-type.application";
		};
/* End PBXNativeTarget section */

/* Begin PBXProject section */
		B0B17BFA28588E8000023662 /* Project object */ = {
			isa = PBXProject;
			attributes = {
				BuildIndependentTargetsInParallel = 1;
				LastSwiftUpdateCheck = 1340;
				LastUpgradeCheck = 1340;
				TargetAttributes = {
					B0B17C0128588E8000023662 = {
						CreatedOnToolsVersion = 13.4.1;
					};
				};
			};
			buildConfigurationList = B0B17BFD28588E8000023662 /* Build configuration list for PBXProject "NeedsLayout_demo" */;
			compatibilityVersion = "Xcode 13.0";
			developmentRegion = en;
			hasScannedForEncodings = 0;
			knownRegions = (
				en,
				Base,
			);
			mainGroup = B0B17BF928588E8000023662;
			productRefGroup = B0B17C0328588E8000023662 /* Products */;
			projectDirPath = "";
			projectRoot = "";
			targets = (
				B0B17C0128588E8000023662 /* NeedsLayout_demo */,
			);
		};
/* End PBXProject section */

/* Begin PBXResourcesBuildPhase section */
		B0B17C0028588E8000023662 /* Resources */ = {
			isa = PBXResourcesBuildPhase;
			buildActionMask = 2147483647;
			files = (
				B0B17C1228588E8100023662 /* LaunchScreen.storyboard in Resources */,
				B0B17C0F28588E8100023662 /* Assets.xcassets in Resources */,
				B0B17C0D28588E8000023662 /* Main.storyboard in Resources */,
			);
			runOnlyForDeploymentPostprocessing = 0;
		};
/* End PBXResourcesBuildPhase section */

/* Begin PBXSourcesBuildPhase section */
		B0B17BFE28588E8000023662 /* Sources */ = {
			isa = PBXSourcesBuildPhase;
			buildActionMask = 2147483647;
			files = (
				B077C97828E2DA1D003608D3 /* SwiftUIPreview.swift in Sources */,
				B0B17C0A28588E8000023662 /* ViewController.swift in Sources */,
				B0B17C0628588E8000023662 /* AppDelegate.swift in Sources */,
				B077C97C28E424B8003608D3 /* TopCornerRadiusUIView.swift in Sources */,
				B0B17C0828588E8000023662 /* SceneDelegate.swift in Sources */,
				B077C97A28E2DC41003608D3 /* NumberRollingLabel.swift in Sources */,
			);
			runOnlyForDeploymentPostprocessing = 0;
		};
/* End PBXSourcesBuildPhase section */

/* Begin PBXVariantGroup section */
		B0B17C0B28588E8000023662 /* Main.storyboard */ = {
			isa = PBXVariantGroup;
			children = (
				B0B17C0C28588E8000023662 /* Base */,
			);
			name = Main.storyboard;
			sourceTree = "<group>";
		};
		B0B17C1028588E8100023662 /* LaunchScreen.storyboard */ = {
			isa = PBXVariantGroup;
			children = (
				B0B17C1128588E8100023662 /* Base */,
			);
			name = LaunchScreen.storyboard;
			sourceTree = "<group>";
		};
/* End PBXVariantGroup section */

/* Begin XCBuildConfiguration section */
		B0B17C1428588E8100023662 /* Debug */ = {
			isa = XCBuildConfiguration;
			buildSettings = {
				ALWAYS_SEARCH_USER_PATHS = NO;
				CLANG_ANALYZER_NONNULL = YES;
				CLANG_ANALYZER_NUMBER_OBJECT_CONVERSION = YES_AGGRESSIVE;
				CLANG_CXX_LANGUAGE_STANDARD = "gnu++17";
				CLANG_ENABLE_MODULES = YES;
				CLANG_ENABLE_OBJC_ARC = YES;
				CLANG_ENABLE_OBJC_WEAK = YES;
				CLANG_WARN_BLOCK_CAPTURE_AUTORELEASING = YES;
				CLANG_WARN_BOOL_CONVERSION = YES;
				CLANG_WARN_COMMA = YES;
				CLANG_WARN_CONSTANT_CONVERSION = YES;
				CLANG_WARN_DEPRECATED_OBJC_IMPLEMENTATIONS = YES;
				CLANG_WARN_DIRECT_OBJC_ISA_USAGE = YES_ERROR;
				CLANG_WARN_DOCUMENTATION_COMMENTS = YES;
				CLANG_WARN_EMPTY_BODY = YES;
				CLANG_WARN_ENUM_CONVERSION = YES;
				CLANG_WARN_INFINITE_RECURSION = YES;
				CLANG_WARN_INT_CONVERSION = YES;
				CLANG_WARN_NON_LITERAL_NULL_CONVERSION = YES;
				CLANG_WARN_OBJC_IMPLICIT_RETAIN_SELF = YES;
				CLANG_WARN_OBJC_LITERAL_CONVERSION = YES;
				CLANG_WARN_OBJC_ROOT_CLASS = YES_ERROR;
				CLANG_WARN_QUOTED_INCLUDE_IN_FRAMEWORK_HEADER = YES;
				CLANG_WARN_RANGE_LOOP_ANALYSIS = YES;
				CLANG_WARN_STRICT_PROTOTYPES = YES;
				CLANG_WARN_SUSPICIOUS_MOVE = YES;
				CLANG_WARN_UNGUARDED_AVAILABILITY = YES_AGGRESSIVE;
				CLANG_WARN_UNREACHABLE_CODE = YES;
				CLANG_WARN__DUPLICATE_METHOD_MATCH = YES;
				COPY_PHASE_STRIP = NO;
				DEBUG_INFORMATION_FORMAT = dwarf;
				ENABLE_STRICT_OBJC_MSGSEND = YES;
				ENABLE_TESTABILITY = YES;
				GCC_C_LANGUAGE_STANDARD = gnu11;
				GCC_DYNAMIC_NO_PIC = NO;
				GCC_NO_COMMON_BLOCKS = YES;
				GCC_OPTIMIZATION_LEVEL = 0;
				GCC_PREPROCESSOR_DEFINITIONS = (
					"DEBUG=1",
					"$(inherited)",
				);
				GCC_WARN_64_TO_32_BIT_CONVERSION = YES;
				GCC_WARN_ABOUT_RETURN_TYPE = YES_ERROR;
				GCC_WARN_UNDECLARED_SELECTOR = YES;
				GCC_WARN_UNINITIALIZED_AUTOS = YES_AGGRESSIVE;
				GCC_WARN_UNUSED_FUNCTION = YES;
				GCC_WARN_UNUSED_VARIABLE = YES;
				IPHONEOS_DEPLOYMENT_TARGET = 15.5;
				MTL_ENABLE_DEBUG_INFO = INCLUDE_SOURCE;
				MTL_FAST_MATH = YES;
				ONLY_ACTIVE_ARCH = YES;
				SDKROOT = iphoneos;
				SWIFT_ACTIVE_COMPILATION_CONDITIONS = DEBUG;
				SWIFT_OPTIMIZATION_LEVEL = "-Onone";
			};
			name = Debug;
		};
		B0B17C1528588E8100023662 /* Release */ = {
			isa = XCBuildConfiguration;
			buildSettings = {
				ALWAYS_SEARCH_USER_PATHS = NO;
				CLANG_ANALYZER_NONNULL = YES;
				CLANG_ANALYZER_NUMBER_OBJECT_CONVERSION = YES_AGGRESSIVE;
				CLANG_CXX_LANGUAGE_STANDARD = "gnu++17";
				CLANG_ENABLE_MODULES = YES;
				CLANG_ENABLE_OBJC_ARC = YES;
				CLANG_ENABLE_OBJC_WEAK = YES;
				CLANG_WARN_BLOCK_CAPTURE_AUTORELEASING = YES;
				CLANG_WARN_BOOL_CONVERSION = YES;
				CLANG_WARN_COMMA = YES;
				CLANG_WARN_CONSTANT_CONVERSION = YES;
				CLANG_WARN_DEPRECATED_OBJC_IMPLEMENTATIONS = YES;
				CLANG_WARN_DIRECT_OBJC_ISA_USAGE = YES_ERROR;
				CLANG_WARN_DOCUMENTATION_COMMENTS = YES;
				CLANG_WARN_EMPTY_BODY = YES;
				CLANG_WARN_ENUM_CONVERSION = YES;
				CLANG_WARN_INFINITE_RECURSION = YES;
				CLANG_WARN_INT_CONVERSION = YES;
				CLANG_WARN_NON_LITERAL_NULL_CONVERSION = YES;
				CLANG_WARN_OBJC_IMPLICIT_RETAIN_SELF = YES;
				CLANG_WARN_OBJC_LITERAL_CONVERSION = YES;
				CLANG_WARN_OBJC_ROOT_CLASS = YES_ERROR;
				CLANG_WARN_QUOTED_INCLUDE_IN_FRAMEWORK_HEADER = YES;
				CLANG_WARN_RANGE_LOOP_ANALYSIS = YES;
				CLANG_WARN_STRICT_PROTOTYPES = YES;
				CLANG_WARN_SUSPICIOUS_MOVE = YES;
				CLANG_WARN_UNGUARDED_AVAILABILITY = YES_AGGRESSIVE;
				CLANG_WARN_UNREACHABLE_CODE = YES;
				CLANG_WARN__DUPLICATE_METHOD_MATCH = YES;
				COPY_PHASE_STRIP = NO;
				DEBUG_INFORMATION_FORMAT = "dwarf-with-dsym";
				ENABLE_NS_ASSERTIONS = NO;
				ENABLE_STRICT_OBJC_MSGSEND = YES;
				GCC_C_LANGUAGE_STANDARD = gnu11;
				GCC_NO_COMMON_BLOCKS = YES;
				GCC_WARN_64_TO_32_BIT_CONVERSION = YES;
				GCC_WARN_ABOUT_RETURN_TYPE = YES_ERROR;
				GCC_WARN_UNDECLARED_SELECTOR = YES;
				GCC_WARN_UNINITIALIZED_AUTOS = YES_AGGRESSIVE;
				GCC_WARN_UNUSED_FUNCTION = YES;
				GCC_WARN_UNUSED_VARIABLE = YES;
				IPHONEOS_DEPLOYMENT_TARGET = 15.5;
				MTL_ENABLE_DEBUG_INFO = NO;
				MTL_FAST_MATH = YES;
				SDKROOT = iphoneos;
				SWIFT_COMPILATION_MODE = wholemodule;
				SWIFT_OPTIMIZATION_LEVEL = "-O";
				VALIDATE_PRODUCT = YES;
			};
			name = Release;
		};
		B0B17C1728588E8100023662 /* Debug */ = {
			isa = XCBuildConfiguration;
			buildSettings = {
				ASSETCATALOG_COMPILER_APPICON_NAME = AppIcon;
				ASSETCATALOG_COMPILER_GLOBAL_ACCENT_COLOR_NAME = AccentColor;
				CODE_SIGN_STYLE = Automatic;
				CURRENT_PROJECT_VERSION = 1;
				DEVELOPMENT_TEAM = H786VSWB8F;
				GENERATE_INFOPLIST_FILE = YES;
				INFOPLIST_FILE = NeedsLayout_demo/Info.plist;
				INFOPLIST_KEY_UIApplicationSupportsIndirectInputEvents = YES;
				INFOPLIST_KEY_UILaunchStoryboardName = LaunchScreen;
				INFOPLIST_KEY_UIMainStoryboardFile = Main;
				INFOPLIST_KEY_UISupportedInterfaceOrientations_iPad = "UIInterfaceOrientationPortrait UIInterfaceOrientationPortraitUpsideDown UIInterfaceOrientationLandscapeLeft UIInterfaceOrientationLandscapeRight";
				INFOPLIST_KEY_UISupportedInterfaceOrientations_iPhone = "UIInterfaceOrientationPortrait UIInterfaceOrientationLandscapeLeft UIInterfaceOrientationLandscapeRight";
				LD_RUNPATH_SEARCH_PATHS = (
					"$(inherited)",
					"@executable_path/Frameworks",
				);
				MARKETING_VERSION = 1.0;
				PRODUCT_BUNDLE_IDENTIFIER = "Steven58.NeedsLayout-demo";
				PRODUCT_NAME = "$(TARGET_NAME)";
				SWIFT_EMIT_LOC_STRINGS = YES;
				SWIFT_VERSION = 5.0;
				TARGETED_DEVICE_FAMILY = "1,2";
			};
			name = Debug;
		};
		B0B17C1828588E8100023662 /* Release */ = {
			isa = XCBuildConfiguration;
			buildSettings = {
				ASSETCATALOG_COMPILER_APPICON_NAME = AppIcon;
				ASSETCATALOG_COMPILER_GLOBAL_ACCENT_COLOR_NAME = AccentColor;
				CODE_SIGN_STYLE = Automatic;
				CURRENT_PROJECT_VERSION = 1;
				DEVELOPMENT_TEAM = H786VSWB8F;
				GENERATE_INFOPLIST_FILE = YES;
				INFOPLIST_FILE = NeedsLayout_demo/Info.plist;
				INFOPLIST_KEY_UIApplicationSupportsIndirectInputEvents = YES;
				INFOPLIST_KEY_UILaunchStoryboardName = LaunchScreen;
				INFOPLIST_KEY_UIMainStoryboardFile = Main;
				INFOPLIST_KEY_UISupportedInterfaceOrientations_iPad = "UIInterfaceOrientationPortrait UIInterfaceOrientationPortraitUpsideDown UIInterfaceOrientationLandscapeLeft UIInterfaceOrientationLandscapeRight";
				INFOPLIST_KEY_UISupportedInterfaceOrientations_iPhone = "UIInterfaceOrientationPortrait UIInterfaceOrientationLandscapeLeft UIInterfaceOrientationLandscapeRight";
				LD_RUNPATH_SEARCH_PATHS = (
					"$(inherited)",
					"@executable_path/Frameworks",
				);
				MARKETING_VERSION = 1.0;
				PRODUCT_BUNDLE_IDENTIFIER = "Steven58.NeedsLayout-demo";
				PRODUCT_NAME = "$(TARGET_NAME)";
				SWIFT_EMIT_LOC_STRINGS = YES;
				SWIFT_VERSION = 5.0;
				TARGETED_DEVICE_FAMILY = "1,2";
			};
			name = Release;
		};
/* End XCBuildConfiguration section */

/* Begin XCConfigurationList section */
		B0B17BFD28588E8000023662 /* Build configuration list for PBXProject "NeedsLayout_demo" */ = {
			isa = XCConfigurationList;
			buildConfigurations = (
				B0B17C1428588E8100023662 /* Debug */,
				B0B17C1528588E8100023662 /* Release */,
			);
			defaultConfigurationIsVisible = 0;
			defaultConfigurationName = Release;
		};
		B0B17C1628588E8100023662 /* Build configuration list for PBXNativeTarget "NeedsLayout_demo" */ = {
			isa = XCConfigurationList;
			buildConfigurations = (
				B0B17C1728588E8100023662 /* Debug */,
				B0B17C1828588E8100023662 /* Release */,
			);
			defaultConfigurationIsVisible = 0;
			defaultConfigurationName = Release;
		};
/* End XCConfigurationList section */
	};
	rootObject = B0B17BFA28588E8000023662 /* Project object */;
}
